
Microsoft Visual Studio Solution File, Format Version 12.00
# Visual Studio Version 16
VisualStudioVersion = 16.0.31129.286
MinimumVisualStudioVersion = 10.0.40219.1
Project("{FAE04EC0-301F-11D3-BF4B-00C04F79EFBC}") = "ReadWriteXML", "ReadWriteXML\ReadWriteXML.csproj", "{F80E0D97-9851-46C5-BEF0-F0BC1A9C57F8}"
EndProject
Global
	GlobalSection(SolutionConfigurationPlatforms) = preSolution
		Debug|Any CPU = Debug|Any CPU
		Release|Any CPU = Release|Any CPU
	EndGlobalSection
	GlobalSection(ProjectConfigurationPlatforms) = postSolution
		{F80E0D97-9851-46C5-BEF0-F0BC1A9C57F8}.Debug|Any CPU.ActiveCfg = Debug|Any CPU
		{F80E0D97-9851-46C5-BEF0-F0BC1A9C57F8}.Debug|Any CPU.Build.0 = Debug|Any CPU
		{F80E0D97-9851-46C5-BEF0-F0BC1A9C57F8}.Release|Any CPU.ActiveCfg = Release|Any CPU
		{F80E0D97-9851-46C5-BEF0-F0BC1A9C57F8}.Release|Any CPU.Build.0 = Release|Any CPU
	EndGlobalSection
	GlobalSection(SolutionProperties) = preSolution
		HideSolutionNode = FALSE
	EndGlobalSection
	GlobalSection(ExtensibilityGlobals) = postSolution
		SolutionGuid = {569397D4-5D50-48A3-B951-BB99B998689E}
	EndGlobalSection
EndGlobal
