
Microsoft Visual Studio Solution File, Format Version 12.00
# Visual Studio Version 16
VisualStudioVersion = 16.0.31129.286
MinimumVisualStudioVersion = 10.0.40219.1
Project("{FAE04EC0-301F-11D3-BF4B-00C04F79EFBC}") = "ClassTest1", "Test0408\ClassTest1.csproj", "{10A1F2F5-BC53-4085-8E76-00F006F59130}"
EndProject
Global
	GlobalSection(SolutionConfigurationPlatforms) = preSolution
		Debug|Any CPU = Debug|Any CPU
		Release|Any CPU = Release|Any CPU
	EndGlobalSection
	GlobalSection(ProjectConfigurationPlatforms) = postSolution
		{10A1F2F5-BC53-4085-8E76-00F006F59130}.Debug|Any CPU.ActiveCfg = Debug|Any CPU
		{10A1F2F5-BC53-4085-8E76-00F006F59130}.Debug|Any CPU.Build.0 = Debug|Any CPU
		{10A1F2F5-BC53-4085-8E76-00F006F59130}.Release|Any CPU.ActiveCfg = Release|Any CPU
		{10A1F2F5-BC53-4085-8E76-00F006F59130}.Release|Any CPU.Build.0 = Release|Any CPU
	EndGlobalSection
	GlobalSection(SolutionProperties) = preSolution
		HideSolutionNode = FALSE
	EndGlobalSection
	GlobalSection(ExtensibilityGlobals) = postSolution
		SolutionGuid = {2497D45D-E150-4CFA-826F-20EF067C7716}
	EndGlobalSection
EndGlobal
