
Microsoft Visual Studio Solution File, Format Version 12.00
# Visual Studio Version 16
VisualStudioVersion = 16.0.31129.286
MinimumVisualStudioVersion = 10.0.40219.1
Project("{FAE04EC0-301F-11D3-BF4B-00C04F79EFBC}") = "Extends_Interface", "Extends_Interface\Extends_Interface.csproj", "{27759CEE-26ED-46FF-811D-6DA2A71422E4}"
EndProject
Global
	GlobalSection(SolutionConfigurationPlatforms) = preSolution
		Debug|Any CPU = Debug|Any CPU
		Release|Any CPU = Release|Any CPU
	EndGlobalSection
	GlobalSection(ProjectConfigurationPlatforms) = postSolution
		{27759CEE-26ED-46FF-811D-6DA2A71422E4}.Debug|Any CPU.ActiveCfg = Debug|Any CPU
		{27759CEE-26ED-46FF-811D-6DA2A71422E4}.Debug|Any CPU.Build.0 = Debug|Any CPU
		{27759CEE-26ED-46FF-811D-6DA2A71422E4}.Release|Any CPU.ActiveCfg = Release|Any CPU
		{27759CEE-26ED-46FF-811D-6DA2A71422E4}.Release|Any CPU.Build.0 = Release|Any CPU
	EndGlobalSection
	GlobalSection(SolutionProperties) = preSolution
		HideSolutionNode = FALSE
	EndGlobalSection
	GlobalSection(ExtensibilityGlobals) = postSolution
		SolutionGuid = {C5F23E54-E996-4882-AE07-225B602D126C}
	EndGlobalSection
EndGlobal
