
Microsoft Visual Studio Solution File, Format Version 12.00
# Visual Studio Version 16
VisualStudioVersion = 16.0.31129.286
MinimumVisualStudioVersion = 10.0.40219.1
Project("{FAE04EC0-301F-11D3-BF4B-00C04F79EFBC}") = "Test0409", "Test0409\Test0409.csproj", "{CBA8C486-2C25-4BA3-8D68-F22C45802F06}"
EndProject
Global
	GlobalSection(SolutionConfigurationPlatforms) = preSolution
		Debug|Any CPU = Debug|Any CPU
		Release|Any CPU = Release|Any CPU
	EndGlobalSection
	GlobalSection(ProjectConfigurationPlatforms) = postSolution
		{CBA8C486-2C25-4BA3-8D68-F22C45802F06}.Debug|Any CPU.ActiveCfg = Debug|Any CPU
		{CBA8C486-2C25-4BA3-8D68-F22C45802F06}.Debug|Any CPU.Build.0 = Debug|Any CPU
		{CBA8C486-2C25-4BA3-8D68-F22C45802F06}.Release|Any CPU.ActiveCfg = Release|Any CPU
		{CBA8C486-2C25-4BA3-8D68-F22C45802F06}.Release|Any CPU.Build.0 = Release|Any CPU
	EndGlobalSection
	GlobalSection(SolutionProperties) = preSolution
		HideSolutionNode = FALSE
	EndGlobalSection
	GlobalSection(ExtensibilityGlobals) = postSolution
		SolutionGuid = {F78BB3CC-F400-4A16-A265-799AD4204523}
	EndGlobalSection
EndGlobal
