
Microsoft Visual Studio Solution File, Format Version 12.00
# Visual Studio Version 16
VisualStudioVersion = 16.0.31129.286
MinimumVisualStudioVersion = 10.0.40219.1
Project("{FAE04EC0-301F-11D3-BF4B-00C04F79EFBC}") = "practice_json", "practice_json\practice_json.csproj", "{FC9314FF-81FA-4409-9B9E-C0B997410D8E}"
EndProject
Project("{FAE04EC0-301F-11D3-BF4B-00C04F79EFBC}") = "test", "test\test.csproj", "{59950E60-905F-4201-9941-9C286B001CA9}"
EndProject
Global
	GlobalSection(SolutionConfigurationPlatforms) = preSolution
		Debug|Any CPU = Debug|Any CPU
		Release|Any CPU = Release|Any CPU
	EndGlobalSection
	GlobalSection(ProjectConfigurationPlatforms) = postSolution
		{FC9314FF-81FA-4409-9B9E-C0B997410D8E}.Debug|Any CPU.ActiveCfg = Debug|Any CPU
		{FC9314FF-81FA-4409-9B9E-C0B997410D8E}.Debug|Any CPU.Build.0 = Debug|Any CPU
		{FC9314FF-81FA-4409-9B9E-C0B997410D8E}.Release|Any CPU.ActiveCfg = Release|Any CPU
		{FC9314FF-81FA-4409-9B9E-C0B997410D8E}.Release|Any CPU.Build.0 = Release|Any CPU
		{59950E60-905F-4201-9941-9C286B001CA9}.Debug|Any CPU.ActiveCfg = Debug|Any CPU
		{59950E60-905F-4201-9941-9C286B001CA9}.Debug|Any CPU.Build.0 = Debug|Any CPU
		{59950E60-905F-4201-9941-9C286B001CA9}.Release|Any CPU.ActiveCfg = Release|Any CPU
		{59950E60-905F-4201-9941-9C286B001CA9}.Release|Any CPU.Build.0 = Release|Any CPU
	EndGlobalSection
	GlobalSection(SolutionProperties) = preSolution
		HideSolutionNode = FALSE
	EndGlobalSection
	GlobalSection(ExtensibilityGlobals) = postSolution
		SolutionGuid = {0A1171CC-7D20-4806-A357-B4B5A10FE0E4}
	EndGlobalSection
EndGlobal
